
Microsoft Visual Studio Solution File, Format Version 12.00
# Visual Studio Version 16
VisualStudioVersion = 16.0.29306.81
MinimumVisualStudioVersion = 10.0.40219.1
Project("{8BC9CEB8-8B4A-11D0-8D11-00A0C91BC942}") = "Random map generator", "Random map generator\Random map generator.vcxproj", "{5BF07C63-BD9E-42E9-BAC9-2DB848CDA2F4}"
EndProject
Global
	GlobalSection(SolutionConfigurationPlatforms) = preSolution
		Debug|x64 = Debug|x64
		Debug|x86 = Debug|x86
		Release|x64 = Release|x64
		Release|x86 = Release|x86
	EndGlobalSection
	GlobalSection(ProjectConfigurationPlatforms) = postSolution
		{5BF07C63-BD9E-42E9-BAC9-2DB848CDA2F4}.Debug|x64.ActiveCfg = Debug|x64
		{5BF07C63-BD9E-42E9-BAC9-2DB848CDA2F4}.Debug|x64.Build.0 = Debug|x64
		{5BF07C63-BD9E-42E9-BAC9-2DB848CDA2F4}.Debug|x86.ActiveCfg = Debug|Win32
		{5BF07C63-BD9E-42E9-BAC9-2DB848CDA2F4}.Debug|x86.Build.0 = Debug|Win32
		{5BF07C63-BD9E-42E9-BAC9-2DB848CDA2F4}.Release|x64.ActiveCfg = Release|x64
		{5BF07C63-BD9E-42E9-BAC9-2DB848CDA2F4}.Release|x64.Build.0 = Release|x64
		{5BF07C63-BD9E-42E9-BAC9-2DB848CDA2F4}.Release|x86.ActiveCfg = Release|Win32
		{5BF07C63-BD9E-42E9-BAC9-2DB848CDA2F4}.Release|x86.Build.0 = Release|Win32
	EndGlobalSection
	GlobalSection(SolutionProperties) = preSolution
		HideSolutionNode = FALSE
	EndGlobalSection
	GlobalSection(ExtensibilityGlobals) = postSolution
		SolutionGuid = {76DD58ED-0CC5-431E-980E-5E1A8A7B2818}
	EndGlobalSection
EndGlobal
