<?xml version="1.0" encoding="utf-8"?>
<Project ToolsVersion="4.0" xmlns="http://schemas.microsoft.com/developer/msbuild/2003">
  <ItemGroup>
    <ClCompile Include="j1App.cpp" />
    <ClCompile Include="j1Audio.cpp" />
    <ClCompile Include="j1Fonts.cpp" />
    <ClCompile Include="j1Gui.cpp" />
    <ClCompile Include="j1Input.cpp" />
    <ClCompile Include="j1Map.cpp" />
    <ClCompile Include="j1Minimap.cpp" />
    <ClCompile Include="j1PerfTimer.cpp" />
    <ClCompile Include="j1Render.cpp" />
    <ClCompile Include="j1Textures.cpp" />
    <ClCompile Include="j1Timer.cpp" />
    <ClCompile Include="j1Window.cpp" />
    <ClCompile Include="main.cpp" />
    <ClCompile Include="j1Transitions.cpp" />
    <ClCompile Include="Animation.cpp">
      <Filter>Animation</Filter>
    </ClCompile>
    <ClCompile Include="Entity.cpp">
      <Filter>Entities</Filter>
    </ClCompile>
    <ClCompile Include="EntityManager.cpp">
      <Filter>Entities</Filter>
    </ClCompile>
    <ClCompile Include="j1Scene.cpp">
      <Filter>Scenes</Filter>
    </ClCompile>
    <ClCompile Include="j1SceneLogo.cpp">
      <Filter>Scenes</Filter>
    </ClCompile>
    <ClCompile Include="j1SceneTitle.cpp">
      <Filter>Scenes</Filter>
    </ClCompile>
    <ClCompile Include="Deps\pugixml-1.10\src\pugixml.cpp">
      <Filter>Tools</Filter>
    </ClCompile>
    <ClCompile Include="p2Log.cpp">
      <Filter>Tools</Filter>
    </ClCompile>
    <ClCompile Include="j1Pathfinding.cpp" />
    <ClCompile Include="Ai.cpp">
      <Filter>Entities</Filter>
    </ClCompile>
    <ClCompile Include="Building.cpp">
      <Filter>Entities</Filter>
    </ClCompile>
    <ClCompile Include="Resources.cpp">
      <Filter>Entities</Filter>
    </ClCompile>
    <ClCompile Include="j1Particles.cpp">
      <Filter>Particles</Filter>
    </ClCompile>
    <ClCompile Include="j1Collisions.cpp" />
    <ClCompile Include="j1WinScene.cpp">
      <Filter>Scenes</Filter>
    </ClCompile>
    <ClCompile Include="j1LoseScene.cpp">
      <Filter>Scenes</Filter>
    </ClCompile>
    <ClCompile Include="Fow.cpp">
      <Filter>Scenes</Filter>
    </ClCompile>
    <ClCompile Include="DialogSystem.cpp">
      <Filter>Scenes</Filter>
    </ClCompile>
  </ItemGroup>
  <ItemGroup>
    <ClInclude Include="j1App.h" />
    <ClInclude Include="j1Audio.h" />
    <ClInclude Include="j1Fonts.h" />
    <ClInclude Include="j1Gui.h" />
    <ClInclude Include="j1Input.h" />
    <ClInclude Include="j1Map.h" />
    <ClInclude Include="j1Minimap.h" />
    <ClInclude Include="j1Module.h" />
    <ClInclude Include="j1PerfTimer.h" />
    <ClInclude Include="j1Render.h" />
    <ClInclude Include="j1Textures.h" />
    <ClInclude Include="j1Timer.h" />
    <ClInclude Include="j1Window.h" />
    <ClInclude Include="j1Transitions.h" />
    <ClInclude Include="Animation.h">
      <Filter>Animation</Filter>
    </ClInclude>
    <ClInclude Include="Entity.h">
      <Filter>Entities</Filter>
    </ClInclude>
    <ClInclude Include="EntityManager.h">
      <Filter>Entities</Filter>
    </ClInclude>
    <ClInclude Include="j1Scene.h">
      <Filter>Scenes</Filter>
    </ClInclude>
    <ClInclude Include="j1SceneLogo.h">
      <Filter>Scenes</Filter>
    </ClInclude>
    <ClInclude Include="j1SceneTitle.h">
      <Filter>Scenes</Filter>
    </ClInclude>
    <ClInclude Include="p2Point.h">
      <Filter>Tools</Filter>
    </ClInclude>
    <ClInclude Include="p2Log.h">
      <Filter>Tools</Filter>
    </ClInclude>
    <ClInclude Include="p2Defs.h">
      <Filter>Tools</Filter>
    </ClInclude>
    <ClInclude Include="j1Pathfinding.h" />
    <ClInclude Include="Ai.h">
      <Filter>Entities</Filter>
    </ClInclude>
    <ClInclude Include="Building.h">
      <Filter>Entities</Filter>
    </ClInclude>
    <ClInclude Include="Resources.h">
      <Filter>Entities</Filter>
    </ClInclude>
    <ClInclude Include="j1Particles.h">
      <Filter>Particles</Filter>
    </ClInclude>
    <ClInclude Include="j1Collisions.h" />
    <ClInclude Include="j1WinScene.h">
      <Filter>Scenes</Filter>
    </ClInclude>
    <ClInclude Include="j1LoseScene.h">
      <Filter>Scenes</Filter>
    </ClInclude>
    <ClInclude Include="Fow.h">
      <Filter>Scenes</Filter>
    </ClInclude>
    <ClInclude Include="DialogSystem.h">
      <Filter>Scenes</Filter>
    </ClInclude>
  </ItemGroup>
  <ItemGroup>
    <Filter Include="Animation">
      <UniqueIdentifier>{511d3817-d780-45d5-8b18-17dc8da48064}</UniqueIdentifier>
    </Filter>
    <Filter Include="Entities">
      <UniqueIdentifier>{08ac9ef4-560f-4f34-8595-3fff070581bc}</UniqueIdentifier>
    </Filter>
    <Filter Include="Scenes">
      <UniqueIdentifier>{31cfa9db-d74e-4a76-b284-0491bedbe81e}</UniqueIdentifier>
    </Filter>
    <Filter Include="Tools">
      <UniqueIdentifier>{13dd870e-aad2-498f-832d-cc327d43fa66}</UniqueIdentifier>
    </Filter>
    <Filter Include="Particles">
      <UniqueIdentifier>{59482e2f-eec6-4811-9cde-b4d02e656450}</UniqueIdentifier>
    </Filter>
  </ItemGroup>
  <ItemGroup>
    <Xml Include="Resources\config.xml" />
  </ItemGroup>
</Project>