<?xml version="1.0" encoding="utf-8"?>
<Project ToolsVersion="4.0" xmlns="http://schemas.microsoft.com/developer/msbuild/2003">
  <ItemGroup>
    <ClCompile Include="main.cpp" />
    <ClCompile Include="Animation.cpp">
      <Filter>Animation</Filter>
    </ClCompile>
    <ClCompile Include="Entity.cpp">
      <Filter>Entities</Filter>
    </ClCompile>
    <ClCompile Include="EntityManager.cpp">
      <Filter>Entities</Filter>
    </ClCompile>
    <ClCompile Include="Deps\pugixml-1.10\src\pugixml.cpp">
      <Filter>Tools</Filter>
    </ClCompile>
    <ClCompile Include="p2Log.cpp">
      <Filter>Tools</Filter>
    </ClCompile>
    <ClCompile Include="Ai.cpp">
      <Filter>Entities</Filter>
    </ClCompile>
    <ClCompile Include="Building.cpp">
      <Filter>Entities</Filter>
    </ClCompile>
    <ClCompile Include="Resources.cpp">
      <Filter>Entities</Filter>
    </ClCompile>
    <ClCompile Include="DialogSystem.cpp">
      <Filter>Dialogs</Filter>
    </ClCompile>
    <ClCompile Include="SceneTutorial.cpp">
      <Filter>Scenes</Filter>
    </ClCompile>
    <ClCompile Include="LoseScene.cpp">
      <Filter>Scenes</Filter>
    </ClCompile>
    <ClCompile Include="Fow.cpp" />
    <ClCompile Include="SceneLogo.cpp">
      <Filter>Scenes</Filter>
    </ClCompile>
    <ClCompile Include="WinScene.cpp">
      <Filter>Scenes</Filter>
    </ClCompile>
    <ClCompile Include="SceneTitle.cpp">
      <Filter>Scenes</Filter>
    </ClCompile>
    <ClCompile Include="Particles.cpp">
      <Filter>Particles</Filter>
    </ClCompile>
    <ClCompile Include="GameScene.cpp">
      <Filter>Scenes</Filter>
    </ClCompile>
    <ClCompile Include="Audio.cpp" />
    <ClCompile Include="Collisions.cpp" />
    <ClCompile Include="Fonts.cpp" />
    <ClCompile Include="Gui.cpp" />
    <ClCompile Include="Input.cpp" />
    <ClCompile Include="Map.cpp" />
    <ClCompile Include="Minimap.cpp" />
    <ClCompile Include="PerfTimer.cpp" />
    <ClCompile Include="Render.cpp" />
    <ClCompile Include="Textures.cpp" />
    <ClCompile Include="Timer.cpp" />
    <ClCompile Include="Transitions.cpp" />
    <ClCompile Include="Window.cpp" />
    <ClCompile Include="Application.cpp" />
    <ClCompile Include="PathFinding.cpp" />
    <ClCompile Include="QuestManager.cpp">
      <Filter>Quests</Filter>
    </ClCompile>
    <ClCompile Include="SceneIntro.cpp">
      <Filter>Scenes</Filter>
    </ClCompile>
    <ClCompile Include="Enemies.cpp" />
  </ItemGroup>
  <ItemGroup>
    <ClInclude Include="Animation.h">
      <Filter>Animation</Filter>
    </ClInclude>
    <ClInclude Include="Entity.h">
      <Filter>Entities</Filter>
    </ClInclude>
    <ClInclude Include="EntityManager.h">
      <Filter>Entities</Filter>
    </ClInclude>
    <ClInclude Include="p2Point.h">
      <Filter>Tools</Filter>
    </ClInclude>
    <ClInclude Include="p2Log.h">
      <Filter>Tools</Filter>
    </ClInclude>
    <ClInclude Include="p2Defs.h">
      <Filter>Tools</Filter>
    </ClInclude>
    <ClInclude Include="Ai.h">
      <Filter>Entities</Filter>
    </ClInclude>
    <ClInclude Include="Building.h">
      <Filter>Entities</Filter>
    </ClInclude>
    <ClInclude Include="Resources.h">
      <Filter>Entities</Filter>
    </ClInclude>
    <ClInclude Include="DialogSystem.h">
      <Filter>Dialogs</Filter>
    </ClInclude>
    <ClInclude Include="SceneTutorial.h">
      <Filter>Scenes</Filter>
    </ClInclude>
    <ClInclude Include="LoseScene.h">
      <Filter>Scenes</Filter>
    </ClInclude>
    <ClInclude Include="Fow.h" />
    <ClInclude Include="SceneLogo.h">
      <Filter>Scenes</Filter>
    </ClInclude>
    <ClInclude Include="WinScene.h">
      <Filter>Scenes</Filter>
    </ClInclude>
    <ClInclude Include="SceneTitle.h">
      <Filter>Scenes</Filter>
    </ClInclude>
    <ClInclude Include="Particles.h">
      <Filter>Particles</Filter>
    </ClInclude>
    <ClInclude Include="GameScene.h">
      <Filter>Scenes</Filter>
    </ClInclude>
    <ClInclude Include="Audio.h" />
    <ClInclude Include="Collisions.h" />
    <ClInclude Include="Fonts.h" />
    <ClInclude Include="Gui.h" />
    <ClInclude Include="Input.h" />
    <ClInclude Include="Map.h" />
    <ClInclude Include="Minimap.h" />
    <ClInclude Include="PerfTimer.h" />
    <ClInclude Include="Render.h" />
    <ClInclude Include="Textures.h" />
    <ClInclude Include="Timer.h" />
    <ClInclude Include="Transitions.h" />
    <ClInclude Include="Window.h" />
    <ClInclude Include="Module.h" />
    <ClInclude Include="Application.h" />
    <ClInclude Include="PathFinding.h" />
    <ClInclude Include="QuestManager.h">
      <Filter>Quests</Filter>
    </ClInclude>
    <ClInclude Include="SceneIntro.h">
      <Filter>Scenes</Filter>
    </ClInclude>
    <ClInclude Include="Enemies.h" />
    <ClInclude Include="resource.h" />
  </ItemGroup>
  <ItemGroup>
    <Filter Include="Animation">
      <UniqueIdentifier>{511d3817-d780-45d5-8b18-17dc8da48064}</UniqueIdentifier>
    </Filter>
    <Filter Include="Entities">
      <UniqueIdentifier>{08ac9ef4-560f-4f34-8595-3fff070581bc}</UniqueIdentifier>
    </Filter>
    <Filter Include="Scenes">
      <UniqueIdentifier>{31cfa9db-d74e-4a76-b284-0491bedbe81e}</UniqueIdentifier>
    </Filter>
    <Filter Include="Tools">
      <UniqueIdentifier>{13dd870e-aad2-498f-832d-cc327d43fa66}</UniqueIdentifier>
    </Filter>
    <Filter Include="Particles">
      <UniqueIdentifier>{59482e2f-eec6-4811-9cde-b4d02e656450}</UniqueIdentifier>
    </Filter>
    <Filter Include="Dialogs">
      <UniqueIdentifier>{09421dfa-ca03-4d00-858c-bb086b03ed64}</UniqueIdentifier>
    </Filter>
    <Filter Include="Quests">
      <UniqueIdentifier>{5c5f2f70-f0a6-4291-b2c6-056860fe2a94}</UniqueIdentifier>
    </Filter>
  </ItemGroup>
  <ItemGroup>
    <Xml Include="Resources\config.xml" />
  </ItemGroup>
  <ItemGroup>
    <ResourceCompile Include="GameIcon.rc" />
  </ItemGroup>
  <ItemGroup>
    <Image Include="Resources\gui\icon_256x256.ico" />
  </ItemGroup>
</Project>